
Microsoft Visual Studio Solution File, Format Version 12.00
# Visual Studio 15
VisualStudioVersion = 15.0.27130.2027
MinimumVisualStudioVersion = 10.0.40219.1
Project("{9A19103F-16F7-4668-BE54-9A1E7A4F7556}") = "RestApiClient", "RestApiClient\RestApiClient.csproj", "{89F216FB-2EC3-4635-83C4-15386501FC7C}"
EndProject
Project("{9A19103F-16F7-4668-BE54-9A1E7A4F7556}") = "BackOfficeWebsite", "BackOfficeWebsite\BackOfficeWebsite.csproj", "{37B2876F-E3F4-4875-9A96-1AD41FBED46E}"
EndProject
Project("{9A19103F-16F7-4668-BE54-9A1E7A4F7556}") = "TicketEngineClassLibrary", "TicketEngineClassLibrary\TicketEngineClassLibrary.csproj", "{99414CB1-FC44-449B-BA88-D328766256FF}"
EndProject
Project("{9A19103F-16F7-4668-BE54-9A1E7A4F7556}") = "DatabaseRepository", "DatabaseRepository\DatabaseRepository.csproj", "{629B8F15-016B-470B-AD31-39DB7B8384A1}"
EndProject
Project("{9A19103F-16F7-4668-BE54-9A1E7A4F7556}") = "DatabaseRepositoryTestclient", "DatabaseRepositoryTestclient\DatabaseRepositoryTestclient.csproj", "{5B1A3DBD-2121-4962-AE2E-962F906A24CD}"
EndProject
Global
	GlobalSection(SolutionConfigurationPlatforms) = preSolution
		Debug|Any CPU = Debug|Any CPU
		Release|Any CPU = Release|Any CPU
	EndGlobalSection
	GlobalSection(ProjectConfigurationPlatforms) = postSolution
		{89F216FB-2EC3-4635-83C4-15386501FC7C}.Debug|Any CPU.ActiveCfg = Debug|Any CPU
		{89F216FB-2EC3-4635-83C4-15386501FC7C}.Debug|Any CPU.Build.0 = Debug|Any CPU
		{89F216FB-2EC3-4635-83C4-15386501FC7C}.Release|Any CPU.ActiveCfg = Release|Any CPU
		{89F216FB-2EC3-4635-83C4-15386501FC7C}.Release|Any CPU.Build.0 = Release|Any CPU
		{37B2876F-E3F4-4875-9A96-1AD41FBED46E}.Debug|Any CPU.ActiveCfg = Debug|Any CPU
		{37B2876F-E3F4-4875-9A96-1AD41FBED46E}.Debug|Any CPU.Build.0 = Debug|Any CPU
		{37B2876F-E3F4-4875-9A96-1AD41FBED46E}.Release|Any CPU.ActiveCfg = Release|Any CPU
		{37B2876F-E3F4-4875-9A96-1AD41FBED46E}.Release|Any CPU.Build.0 = Release|Any CPU
		{99414CB1-FC44-449B-BA88-D328766256FF}.Debug|Any CPU.ActiveCfg = Debug|Any CPU
		{99414CB1-FC44-449B-BA88-D328766256FF}.Debug|Any CPU.Build.0 = Debug|Any CPU
		{99414CB1-FC44-449B-BA88-D328766256FF}.Release|Any CPU.ActiveCfg = Release|Any CPU
		{99414CB1-FC44-449B-BA88-D328766256FF}.Release|Any CPU.Build.0 = Release|Any CPU
		{629B8F15-016B-470B-AD31-39DB7B8384A1}.Debug|Any CPU.ActiveCfg = Debug|Any CPU
		{629B8F15-016B-470B-AD31-39DB7B8384A1}.Debug|Any CPU.Build.0 = Debug|Any CPU
		{629B8F15-016B-470B-AD31-39DB7B8384A1}.Release|Any CPU.ActiveCfg = Release|Any CPU
		{629B8F15-016B-470B-AD31-39DB7B8384A1}.Release|Any CPU.Build.0 = Release|Any CPU
		{5B1A3DBD-2121-4962-AE2E-962F906A24CD}.Debug|Any CPU.ActiveCfg = Debug|Any CPU
		{5B1A3DBD-2121-4962-AE2E-962F906A24CD}.Debug|Any CPU.Build.0 = Debug|Any CPU
		{5B1A3DBD-2121-4962-AE2E-962F906A24CD}.Release|Any CPU.ActiveCfg = Release|Any CPU
		{5B1A3DBD-2121-4962-AE2E-962F906A24CD}.Release|Any CPU.Build.0 = Release|Any CPU
	EndGlobalSection
	GlobalSection(SolutionProperties) = preSolution
		HideSolutionNode = FALSE
	EndGlobalSection
	GlobalSection(ExtensibilityGlobals) = postSolution
		SolutionGuid = {F7A0FD5F-0F8E-4E1F-9D92-0D8EB2852376}
	EndGlobalSection
EndGlobal
