
Microsoft Visual Studio Solution File, Format Version 12.00
# Visual Studio 15
VisualStudioVersion = 15.0.27130.2027
MinimumVisualStudioVersion = 10.0.40219.1
Project("{9A19103F-16F7-4668-BE54-9A1E7A4F7556}") = "RestApiClient", "RestApiClient\RestApiClient.csproj", "{5480771D-2461-443E-AF88-B81C9EDA5C2E}"
EndProject
Project("{9A19103F-16F7-4668-BE54-9A1E7A4F7556}") = "TicketShopProject", "TicketShopProject\src\TicketShopProject\TicketShopProject.csproj", "{BFFB1FBA-210B-40D6-950B-0AB1104A200D}"
EndProject
Project("{9A19103F-16F7-4668-BE54-9A1E7A4F7556}") = "TicketEngineClassLibrary", "TicketEngineClassLibrary\TicketEngineClassLibrary.csproj", "{3971118B-80D1-48DA-89A3-A6628529F1D7}"
EndProject
Project("{9A19103F-16F7-4668-BE54-9A1E7A4F7556}") = "DatabaseRepository", "DatabaseRepository\DatabaseRepository.csproj", "{5F1982FE-6000-4D05-9B0A-82ED1A9BE20F}"
EndProject
Project("{9A19103F-16F7-4668-BE54-9A1E7A4F7556}") = "DatabaseRepositoryTestclient", "DatabaseRepositoryTestclient\DatabaseRepositoryTestclient.csproj", "{C0F8C6DE-C423-45A6-96EB-4E27D071BBA5}"
EndProject
Project("{9A19103F-16F7-4668-BE54-9A1E7A4F7556}") = "DbUp", "DbUp\DbUp.csproj", "{D84B2356-2E84-406D-B6F4-1E30E1DC0257}"
EndProject
Project("{9A19103F-16F7-4668-BE54-9A1E7A4F7556}") = "PaymentProvider", "PaymentProvider\PaymentProvider.csproj", "{F1D96AE1-2C4F-4218-A5FF-CF159114B821}"
EndProject
Project("{9A19103F-16F7-4668-BE54-9A1E7A4F7556}") = "BackOfficeWebsite", "BackOfficeWebsite\BackOfficeWebsite.csproj", "{931601BB-D2E8-42CE-AF15-9FAAE124CC2F}"
EndProject
Global
	GlobalSection(SolutionConfigurationPlatforms) = preSolution
		Debug|Any CPU = Debug|Any CPU
		Release|Any CPU = Release|Any CPU
	EndGlobalSection
	GlobalSection(ProjectConfigurationPlatforms) = postSolution
		{5480771D-2461-443E-AF88-B81C9EDA5C2E}.Debug|Any CPU.ActiveCfg = Debug|Any CPU
		{5480771D-2461-443E-AF88-B81C9EDA5C2E}.Debug|Any CPU.Build.0 = Debug|Any CPU
		{5480771D-2461-443E-AF88-B81C9EDA5C2E}.Release|Any CPU.ActiveCfg = Release|Any CPU
		{5480771D-2461-443E-AF88-B81C9EDA5C2E}.Release|Any CPU.Build.0 = Release|Any CPU
		{BFFB1FBA-210B-40D6-950B-0AB1104A200D}.Debug|Any CPU.ActiveCfg = Debug|Any CPU
		{BFFB1FBA-210B-40D6-950B-0AB1104A200D}.Debug|Any CPU.Build.0 = Debug|Any CPU
		{BFFB1FBA-210B-40D6-950B-0AB1104A200D}.Release|Any CPU.ActiveCfg = Release|Any CPU
		{BFFB1FBA-210B-40D6-950B-0AB1104A200D}.Release|Any CPU.Build.0 = Release|Any CPU
		{3971118B-80D1-48DA-89A3-A6628529F1D7}.Debug|Any CPU.ActiveCfg = Debug|Any CPU
		{3971118B-80D1-48DA-89A3-A6628529F1D7}.Debug|Any CPU.Build.0 = Debug|Any CPU
		{3971118B-80D1-48DA-89A3-A6628529F1D7}.Release|Any CPU.ActiveCfg = Release|Any CPU
		{3971118B-80D1-48DA-89A3-A6628529F1D7}.Release|Any CPU.Build.0 = Release|Any CPU
		{5F1982FE-6000-4D05-9B0A-82ED1A9BE20F}.Debug|Any CPU.ActiveCfg = Debug|Any CPU
		{5F1982FE-6000-4D05-9B0A-82ED1A9BE20F}.Debug|Any CPU.Build.0 = Debug|Any CPU
		{5F1982FE-6000-4D05-9B0A-82ED1A9BE20F}.Release|Any CPU.ActiveCfg = Release|Any CPU
		{5F1982FE-6000-4D05-9B0A-82ED1A9BE20F}.Release|Any CPU.Build.0 = Release|Any CPU
		{C0F8C6DE-C423-45A6-96EB-4E27D071BBA5}.Debug|Any CPU.ActiveCfg = Debug|Any CPU
		{C0F8C6DE-C423-45A6-96EB-4E27D071BBA5}.Debug|Any CPU.Build.0 = Debug|Any CPU
		{C0F8C6DE-C423-45A6-96EB-4E27D071BBA5}.Release|Any CPU.ActiveCfg = Release|Any CPU
		{C0F8C6DE-C423-45A6-96EB-4E27D071BBA5}.Release|Any CPU.Build.0 = Release|Any CPU
		{D84B2356-2E84-406D-B6F4-1E30E1DC0257}.Debug|Any CPU.ActiveCfg = Debug|Any CPU
		{D84B2356-2E84-406D-B6F4-1E30E1DC0257}.Debug|Any CPU.Build.0 = Debug|Any CPU
		{D84B2356-2E84-406D-B6F4-1E30E1DC0257}.Release|Any CPU.ActiveCfg = Release|Any CPU
		{D84B2356-2E84-406D-B6F4-1E30E1DC0257}.Release|Any CPU.Build.0 = Release|Any CPU
		{F1D96AE1-2C4F-4218-A5FF-CF159114B821}.Debug|Any CPU.ActiveCfg = Debug|Any CPU
		{F1D96AE1-2C4F-4218-A5FF-CF159114B821}.Debug|Any CPU.Build.0 = Debug|Any CPU
		{F1D96AE1-2C4F-4218-A5FF-CF159114B821}.Release|Any CPU.ActiveCfg = Release|Any CPU
		{F1D96AE1-2C4F-4218-A5FF-CF159114B821}.Release|Any CPU.Build.0 = Release|Any CPU
		{931601BB-D2E8-42CE-AF15-9FAAE124CC2F}.Debug|Any CPU.ActiveCfg = Debug|Any CPU
		{931601BB-D2E8-42CE-AF15-9FAAE124CC2F}.Debug|Any CPU.Build.0 = Debug|Any CPU
		{931601BB-D2E8-42CE-AF15-9FAAE124CC2F}.Release|Any CPU.ActiveCfg = Release|Any CPU
		{931601BB-D2E8-42CE-AF15-9FAAE124CC2F}.Release|Any CPU.Build.0 = Release|Any CPU
	EndGlobalSection
	GlobalSection(SolutionProperties) = preSolution
		HideSolutionNode = FALSE
	EndGlobalSection
	GlobalSection(ExtensibilityGlobals) = postSolution
		SolutionGuid = {E8AEEC9D-F42C-458E-919F-8CF629BACA4B}
	EndGlobalSection
EndGlobal
